
Microsoft Visual Studio Solution File, Format Version 12.00
# Visual Studio Version 17
VisualStudioVersion = 17.9.34728.123
MinimumVisualStudioVersion = 10.0.40219.1
Project("{8BC9CEB8-8B4A-11D0-8D11-00A0C91BC942}") = "DZ_20_2", "DZ_20_2\DZ_20_2.vcxproj", "{453E870D-E608-4983-BC3C-2E02465DFAA2}"
EndProject
Global
	GlobalSection(SolutionConfigurationPlatforms) = preSolution
		Debug|x64 = Debug|x64
		Debug|x86 = Debug|x86
		Release|x64 = Release|x64
		Release|x86 = Release|x86
	EndGlobalSection
	GlobalSection(ProjectConfigurationPlatforms) = postSolution
		{453E870D-E608-4983-BC3C-2E02465DFAA2}.Debug|x64.ActiveCfg = Debug|x64
		{453E870D-E608-4983-BC3C-2E02465DFAA2}.Debug|x64.Build.0 = Debug|x64
		{453E870D-E608-4983-BC3C-2E02465DFAA2}.Debug|x86.ActiveCfg = Debug|Win32
		{453E870D-E608-4983-BC3C-2E02465DFAA2}.Debug|x86.Build.0 = Debug|Win32
		{453E870D-E608-4983-BC3C-2E02465DFAA2}.Release|x64.ActiveCfg = Release|x64
		{453E870D-E608-4983-BC3C-2E02465DFAA2}.Release|x64.Build.0 = Release|x64
		{453E870D-E608-4983-BC3C-2E02465DFAA2}.Release|x86.ActiveCfg = Release|Win32
		{453E870D-E608-4983-BC3C-2E02465DFAA2}.Release|x86.Build.0 = Release|Win32
	EndGlobalSection
	GlobalSection(SolutionProperties) = preSolution
		HideSolutionNode = FALSE
	EndGlobalSection
	GlobalSection(ExtensibilityGlobals) = postSolution
		SolutionGuid = {01FF8E9A-9781-476C-89D8-06A9DA932F63}
	EndGlobalSection
EndGlobal
